{
  "originHash" : "ef5c69e443a90064d42b6aca01d47e4dbd5cecbb0b99f0916b9ca301b3f3af86",
  "pins" : [
    {
      "identity" : "vonage-video-client-sdk-swift",
      "kind" : "remoteSourceControl",
      "location" : "https://github.com/vonage/vonage-video-client-sdk-swift.git",
      "state" : {
        "revision" : "90f932330fa01f69928b92654ab5f5099447f46a",
        "version" : "2.35.1"
      }
    }
  ],
  "version" : 3
}
